
Microsoft Visual Studio Solution File, Format Version 12.00
# Visual Studio Version 17
VisualStudioVersion = 17.0.31903.59
MinimumVisualStudioVersion = 10.0.40219.1
Project("{FAE04EC0-301F-11D3-BF4B-00C04F79EFBC}") = "StringLibrary", "StringLibrary\StringLibrary.csproj", "{D0595689-5C75-4EB6-BEF7-E5E45AE71C7B}"
EndProject
Project("{FAE04EC0-301F-11D3-BF4B-00C04F79EFBC}") = "ShowCase", "ShowCase\ShowCase.csproj", "{9463CBDB-EB3E-4928-901D-3FA26D6E2D16}"
EndProject
Global
	GlobalSection(SolutionConfigurationPlatforms) = preSolution
		Debug|Any CPU = Debug|Any CPU
		Release|Any CPU = Release|Any CPU
	EndGlobalSection
	GlobalSection(SolutionProperties) = preSolution
		HideSolutionNode = FALSE
	EndGlobalSection
	GlobalSection(ProjectConfigurationPlatforms) = postSolution
		{D0595689-5C75-4EB6-BEF7-E5E45AE71C7B}.Debug|Any CPU.ActiveCfg = Debug|Any CPU
		{D0595689-5C75-4EB6-BEF7-E5E45AE71C7B}.Debug|Any CPU.Build.0 = Debug|Any CPU
		{D0595689-5C75-4EB6-BEF7-E5E45AE71C7B}.Release|Any CPU.ActiveCfg = Release|Any CPU
		{D0595689-5C75-4EB6-BEF7-E5E45AE71C7B}.Release|Any CPU.Build.0 = Release|Any CPU
		{9463CBDB-EB3E-4928-901D-3FA26D6E2D16}.Debug|Any CPU.ActiveCfg = Debug|Any CPU
		{9463CBDB-EB3E-4928-901D-3FA26D6E2D16}.Debug|Any CPU.Build.0 = Debug|Any CPU
		{9463CBDB-EB3E-4928-901D-3FA26D6E2D16}.Release|Any CPU.ActiveCfg = Release|Any CPU
		{9463CBDB-EB3E-4928-901D-3FA26D6E2D16}.Release|Any CPU.Build.0 = Release|Any CPU
	EndGlobalSection
EndGlobal
